dependencies:
  espressif/arduino-foc:
    component_hash: 043f369595cdbb18e6f1745d279ae23d9ee87e211c4da4a9ffcd721176ac827b
    source:
      service_url: https://api.components.espressif.com/
      type: service
    version: 2.3.0~3
  espressif/cmake_utilities:
    component_hash: 351350613ceafba240b761b4ea991e0f231ac7a9f59a9ee901f751bddc0bb18f
    source:
      service_url: https://api.components.espressif.com/
      type: service
    version: 0.5.3
  espressif/esp_simplefoc:
    component_hash: bb7c303cc2d48f8c3f907e396e616db280128e639c4c1165bc5f12ba6230f1ad
    source:
      service_url: https://api.components.espressif.com/
      type: service
    version: 1.2.0
  espressif/i2c_bus:
    component_hash: 82b043043a5b2f42b8801a6defc03f0c9dae61ccfa2015c774f81d9299e4bb4b
    source:
      service_url: https://api.components.espressif.com/
      type: service
    version: 1.3.0
  espressif/iqmath:
    component_hash: 407d5bc3fd358a73d2b09982918ab508b4e804cc547942c5979d226be86b7e75
    source:
      service_url: https://api.components.espressif.com/
      type: service
    version: 1.11.0
  idf:
    component_hash: null
    source:
      type: idf
    version: 5.1.2
manifest_hash: 2e82b49aabe139d571ca677f055d55464b7900ccf447f08897652b0501084c31
target: esp32s3
version: 1.0.0
