dependencies:
  espressif/bdc_motor:
    component_hash: 9292b605cfd390ff62225caa93e02700b86377e6a3156620192e4876dcf87b27
    source:
      service_url: https://api.components.espressif.com/
      type: service
    version: 0.1.0
  espressif/led_strip:
    component_hash: 67d2744208e9c12d8b1992d21c979396c1726e57cb7e35e7c171c515be20f8ea
    source:
      service_url: https://api.components.espressif.com/
      type: service
    version: 2.5.3
  espressif/pid_ctrl:
    component_hash: 22af0226d7adbea821e4c1a8c1fa5dad23c883eb7457e95e19342883a37c44a3
    source:
      service_url: https://api.components.espressif.com/
      type: service
    version: 0.2.0
  idf:
    component_hash: null
    source:
      type: idf
    version: 5.1.2
manifest_hash: 91bb07a4a0ed2ae53cc3e27e608482ae09854cbc52990ac86bc53ff0a6d2f31d
target: esp32s3
version: 1.0.0
